// !$*UTF8*$!
{
	archiveVersion = 1;
	classes = {
	};
	objectVersion = 46;
	objects = {

/* Begin PBXBuildFile section */
		0B2B1F221D5C5A7A00EA6F5C /* Bulb.h in CopyFiles */ = {isa = PBXBuildFile; fileRef = 0B2B1F211D5C5A7A00EA6F5C /* Bulb.h */; };
		0B2B1F241D5C5A7A00EA6F5C /* Bulb.m in Sources */ = {isa = PBXBuildFile; fileRef = 0B2B1F231D5C5A7A00EA6F5C /* Bulb.m */; };
		0B2B1F2C1D5C5AFB00EA6F5C /* BulbSlot.m in Sources */ = {isa = PBXBuildFile; fileRef = 0B2B1F2B1D5C5AFB00EA6F5C /* BulbSlot.m */; };
		0B2B1F2F1D5C5B1F00EA6F5C /* BulbSignal.m in Sources */ = {isa = PBXBuildFile; fileRef = 0B2B1F2E1D5C5B1F00EA6F5C /* BulbSignal.m */; };
		0B2B1F321D5C5D7200EA6F5C /* BulbConstant.m in Sources */ = {isa = PBXBuildFile; fileRef = 0B2B1F311D5C5D7200EA6F5C /* BulbConstant.m */; };
		0BB92AC51D5DA2230011D2E6 /* BulbHistory.m in Sources */ = {isa = PBXBuildFile; fileRef = 0BB92AC41D5DA2230011D2E6 /* BulbHistory.m */; };
		0BB92AC81D5DB8680011D2E6 /* BulbSolotBuilder.m in Sources */ = {isa = PBXBuildFile; fileRef = 0BB92AC71D5DB8680011D2E6 /* BulbSolotBuilder.m */; };
/* End PBXBuildFile section */

/* Begin PBXCopyFilesBuildPhase section */
		0B2B1F1C1D5C5A7A00EA6F5C /* CopyFiles */ = {
			isa = PBXCopyFilesBuildPhase;
			buildActionMask = 2147483647;
			dstPath = "include/$(PRODUCT_NAME)";
			dstSubfolderSpec = 16;
			files = (
				0B2B1F221D5C5A7A00EA6F5C /* Bulb.h in CopyFiles */,
			);
			runOnlyForDeploymentPostprocessing = 0;
		};
/* End PBXCopyFilesBuildPhase section */

/* Begin PBXFileReference section */
		0B2B1F1E1D5C5A7A00EA6F5C /* libbulb.a */ = {isa = PBXFileReference; explicitFileType = archive.ar; includeInIndex = 0; path = libbulb.a; sourceTree = BUILT_PRODUCTS_DIR; };
		0B2B1F211D5C5A7A00EA6F5C /* Bulb.h */ = {isa = PBXFileReference; lastKnownFileType = sourcecode.c.h; path = Bulb.h; sourceTree = "<group>"; };
		0B2B1F231D5C5A7A00EA6F5C /* Bulb.m */ = {isa = PBXFileReference; lastKnownFileType = sourcecode.c.objc; path = Bulb.m; sourceTree = "<group>"; };
		0B2B1F2A1D5C5AFB00EA6F5C /* BulbSlot.h */ = {isa = PBXFileReference; fileEncoding = 4; lastKnownFileType = sourcecode.c.h; path = BulbSlot.h; sourceTree = "<group>"; };
		0B2B1F2B1D5C5AFB00EA6F5C /* BulbSlot.m */ = {isa = PBXFileReference; fileEncoding = 4; lastKnownFileType = sourcecode.c.objc; path = BulbSlot.m; sourceTree = "<group>"; };
		0B2B1F2D1D5C5B1F00EA6F5C /* BulbSignal.h */ = {isa = PBXFileReference; fileEncoding = 4; lastKnownFileType = sourcecode.c.h; path = BulbSignal.h; sourceTree = "<group>"; };
		0B2B1F2E1D5C5B1F00EA6F5C /* BulbSignal.m */ = {isa = PBXFileReference; fileEncoding = 4; lastKnownFileType = sourcecode.c.objc; path = BulbSignal.m; sourceTree = "<group>"; };
		0B2B1F301D5C5D7200EA6F5C /* BulbConstant.h */ = {isa = PBXFileReference; fileEncoding = 4; lastKnownFileType = sourcecode.c.h; path = BulbConstant.h; sourceTree = "<group>"; };
		0B2B1F311D5C5D7200EA6F5C /* BulbConstant.m */ = {isa = PBXFileReference; fileEncoding = 4; lastKnownFileType = sourcecode.c.objc; path = BulbConstant.m; sourceTree = "<group>"; };
		0BB92AC31D5DA2230011D2E6 /* BulbHistory.h */ = {isa = PBXFileReference; fileEncoding = 4; lastKnownFileType = sourcecode.c.h; path = BulbHistory.h; sourceTree = "<group>"; };
		0BB92AC41D5DA2230011D2E6 /* BulbHistory.m */ = {isa = PBXFileReference; fileEncoding = 4; lastKnownFileType = sourcecode.c.objc; path = BulbHistory.m; sourceTree = "<group>"; };
		0BB92AC61D5DB8680011D2E6 /* BulbSolotBuilder.h */ = {isa = PBXFileReference; fileEncoding = 4; lastKnownFileType = sourcecode.c.h; path = BulbSolotBuilder.h; sourceTree = "<group>"; };
		0BB92AC71D5DB8680011D2E6 /* BulbSolotBuilder.m */ = {isa = PBXFileReference; fileEncoding = 4; lastKnownFileType = sourcecode.c.objc; path = BulbSolotBuilder.m; sourceTree = "<group>"; };
/* End PBXFileReference section */

/* Begin PBXFrameworksBuildPhase section */
		0B2B1F1B1D5C5A7A00EA6F5C /* Frameworks */ = {
			isa = PBXFrameworksBuildPhase;
			buildActionMask = 2147483647;
			files = (
			);
			runOnlyForDeploymentPostprocessing = 0;
		};
/* End PBXFrameworksBuildPhase section */

/* Begin PBXGroup section */
		0B2B1F151D5C5A7A00EA6F5C = {
			isa = PBXGroup;
			children = (
				0B2B1F201D5C5A7A00EA6F5C /* bulb */,
				0B2B1F1F1D5C5A7A00EA6F5C /* Products */,
			);
			sourceTree = "<group>";
		};
		0B2B1F1F1D5C5A7A00EA6F5C /* Products */ = {
			isa = PBXGroup;
			children = (
				0B2B1F1E1D5C5A7A00EA6F5C /* libbulb.a */,
			);
			name = Products;
			sourceTree = "<group>";
		};
		0B2B1F201D5C5A7A00EA6F5C /* bulb */ = {
			isa = PBXGroup;
			children = (
				0B2B1F211D5C5A7A00EA6F5C /* Bulb.h */,
				0B2B1F231D5C5A7A00EA6F5C /* Bulb.m */,
				0B2B1F2A1D5C5AFB00EA6F5C /* BulbSlot.h */,
				0B2B1F2B1D5C5AFB00EA6F5C /* BulbSlot.m */,
				0B2B1F2D1D5C5B1F00EA6F5C /* BulbSignal.h */,
				0B2B1F2E1D5C5B1F00EA6F5C /* BulbSignal.m */,
				0B2B1F301D5C5D7200EA6F5C /* BulbConstant.h */,
				0B2B1F311D5C5D7200EA6F5C /* BulbConstant.m */,
				0BB92AC31D5DA2230011D2E6 /* BulbHistory.h */,
				0BB92AC41D5DA2230011D2E6 /* BulbHistory.m */,
				0BB92AC61D5DB8680011D2E6 /* BulbSolotBuilder.h */,
				0BB92AC71D5DB8680011D2E6 /* BulbSolotBuilder.m */,
			);
			path = bulb;
			sourceTree = "<group>";
		};
/* End PBXGroup section */

/* Begin PBXNativeTarget section */
		0B2B1F1D1D5C5A7A00EA6F5C /* bulb */ = {
			isa = PBXNativeTarget;
			buildConfigurationList = 0B2B1F271D5C5A7A00EA6F5C /* Build configuration list for PBXNativeTarget "bulb" */;
			buildPhases = (
				0B2B1F1A1D5C5A7A00EA6F5C /* Sources */,
				0B2B1F1B1D5C5A7A00EA6F5C /* Frameworks */,
				0B2B1F1C1D5C5A7A00EA6F5C /* CopyFiles */,
			);
			buildRules = (
			);
			dependencies = (
			);
			name = bulb;
			productName = bulb;
			productReference = 0B2B1F1E1D5C5A7A00EA6F5C /* libbulb.a */;
			productType = "com.apple.product-type.library.static";
		};
/* End PBXNativeTarget section */

/* Begin PBXProject section */
		0B2B1F161D5C5A7A00EA6F5C /* Project object */ = {
			isa = PBXProject;
			attributes = {
				LastUpgradeCheck = 0730;
				ORGANIZATIONNAME = niuniu;
				TargetAttributes = {
					0B2B1F1D1D5C5A7A00EA6F5C = {
						CreatedOnToolsVersion = 7.3.1;
					};
				};
			};
			buildConfigurationList = 0B2B1F191D5C5A7A00EA6F5C /* Build configuration list for PBXProject "bulb" */;
			compatibilityVersion = "Xcode 3.2";
			developmentRegion = English;
			hasScannedForEncodings = 0;
			knownRegions = (
				en,
			);
			mainGroup = 0B2B1F151D5C5A7A00EA6F5C;
			productRefGroup = 0B2B1F1F1D5C5A7A00EA6F5C /* Products */;
			projectDirPath = "";
			projectRoot = "";
			targets = (
				0B2B1F1D1D5C5A7A00EA6F5C /* bulb */,
			);
		};
/* End PBXProject section */

/* Begin PBXSourcesBuildPhase section */
		0B2B1F1A1D5C5A7A00EA6F5C /* Sources */ = {
			isa = PBXSourcesBuildPhase;
			buildActionMask = 2147483647;
			files = (
				0B2B1F321D5C5D7200EA6F5C /* BulbConstant.m in Sources */,
				0BB92AC51D5DA2230011D2E6 /* BulbHistory.m in Sources */,
				0B2B1F2C1D5C5AFB00EA6F5C /* BulbSlot.m in Sources */,
				0B2B1F241D5C5A7A00EA6F5C /* Bulb.m in Sources */,
				0B2B1F2F1D5C5B1F00EA6F5C /* BulbSignal.m in Sources */,
				0BB92AC81D5DB8680011D2E6 /* BulbSolotBuilder.m in Sources */,
			);
			runOnlyForDeploymentPostprocessing = 0;
		};
/* End PBXSourcesBuildPhase section */

/* Begin XCBuildConfiguration section */
		0B2B1F251D5C5A7A00EA6F5C /* Debug */ = {
			isa = XCBuildConfiguration;
			buildSettings = {
				ALWAYS_SEARCH_USER_PATHS = NO;
				CLANG_ANALYZER_NONNULL = YES;
				CLANG_CXX_LANGUAGE_STANDARD = "gnu++0x";
				CLANG_CXX_LIBRARY = "libc++";
				CLANG_ENABLE_MODULES = YES;
				CLANG_ENABLE_OBJC_ARC = YES;
				CLANG_WARN_BOOL_CONVERSION = YES;
				CLANG_WARN_CONSTANT_CONVERSION = YES;
				CLANG_WARN_DIRECT_OBJC_ISA_USAGE = YES_ERROR;
				CLANG_WARN_EMPTY_BODY = YES;
				CLANG_WARN_ENUM_CONVERSION = YES;
				CLANG_WARN_INT_CONVERSION = YES;
				CLANG_WARN_OBJC_ROOT_CLASS = YES_ERROR;
				CLANG_WARN_UNREACHABLE_CODE = YES;
				CLANG_WARN__DUPLICATE_METHOD_MATCH = YES;
				"CODE_SIGN_IDENTITY[sdk=iphoneos*]" = "iPhone Developer";
				COPY_PHASE_STRIP = NO;
				DEBUG_INFORMATION_FORMAT = dwarf;
				ENABLE_STRICT_OBJC_MSGSEND = YES;
				ENABLE_TESTABILITY = YES;
				GCC_C_LANGUAGE_STANDARD = gnu99;
				GCC_DYNAMIC_NO_PIC = NO;
				GCC_NO_COMMON_BLOCKS = YES;
				GCC_OPTIMIZATION_LEVEL = 0;
				GCC_PREPROCESSOR_DEFINITIONS = (
					"DEBUG=1",
					"$(inherited)",
				);
				GCC_WARN_64_TO_32_BIT_CONVERSION = YES;
				GCC_WARN_ABOUT_RETURN_TYPE = YES_ERROR;
				GCC_WARN_UNDECLARED_SELECTOR = YES;
				GCC_WARN_UNINITIALIZED_AUTOS = YES_AGGRESSIVE;
				GCC_WARN_UNUSED_FUNCTION = YES;
				GCC_WARN_UNUSED_VARIABLE = YES;
				IPHONEOS_DEPLOYMENT_TARGET = 9.3;
				MTL_ENABLE_DEBUG_INFO = YES;
				ONLY_ACTIVE_ARCH = YES;
				SDKROOT = iphoneos;
			};
			name = Debug;
		};
		0B2B1F261D5C5A7A00EA6F5C /* Release */ = {
			isa = XCBuildConfiguration;
			buildSettings = {
				ALWAYS_SEARCH_USER_PATHS = NO;
				CLANG_ANALYZER_NONNULL = YES;
				CLANG_CXX_LANGUAGE_STANDARD = "gnu++0x";
				CLANG_CXX_LIBRARY = "libc++";
				CLANG_ENABLE_MODULES = YES;
				CLANG_ENABLE_OBJC_ARC = YES;
				CLANG_WARN_BOOL_CONVERSION = YES;
				CLANG_WARN_CONSTANT_CONVERSION = YES;
				CLANG_WARN_DIRECT_OBJC_ISA_USAGE = YES_ERROR;
				CLANG_WARN_EMPTY_BODY = YES;
				CLANG_WARN_ENUM_CONVERSION = YES;
				CLANG_WARN_INT_CONVERSION = YES;
				CLANG_WARN_OBJC_ROOT_CLASS = YES_ERROR;
				CLANG_WARN_UNREACHABLE_CODE = YES;
				CLANG_WARN__DUPLICATE_METHOD_MATCH = YES;
				"CODE_SIGN_IDENTITY[sdk=iphoneos*]" = "iPhone Developer";
				COPY_PHASE_STRIP = NO;
				DEBUG_INFORMATION_FORMAT = "dwarf-with-dsym";
				ENABLE_NS_ASSERTIONS = NO;
				ENABLE_STRICT_OBJC_MSGSEND = YES;
				GCC_C_LANGUAGE_STANDARD = gnu99;
				GCC_NO_COMMON_BLOCKS = YES;
				GCC_WARN_64_TO_32_BIT_CONVERSION = YES;
				GCC_WARN_ABOUT_RETURN_TYPE = YES_ERROR;
				GCC_WARN_UNDECLARED_SELECTOR = YES;
				GCC_WARN_UNINITIALIZED_AUTOS = YES_AGGRESSIVE;
				GCC_WARN_UNUSED_FUNCTION = YES;
				GCC_WARN_UNUSED_VARIABLE = YES;
				IPHONEOS_DEPLOYMENT_TARGET = 9.3;
				MTL_ENABLE_DEBUG_INFO = NO;
				SDKROOT = iphoneos;
				VALIDATE_PRODUCT = YES;
			};
			name = Release;
		};
		0B2B1F281D5C5A7A00EA6F5C /* Debug */ = {
			isa = XCBuildConfiguration;
			buildSettings = {
				OTHER_LDFLAGS = "-ObjC";
				PRODUCT_NAME = "$(TARGET_NAME)";
				SKIP_INSTALL = YES;
			};
			name = Debug;
		};
		0B2B1F291D5C5A7A00EA6F5C /* Release */ = {
			isa = XCBuildConfiguration;
			buildSettings = {
				OTHER_LDFLAGS = "-ObjC";
				PRODUCT_NAME = "$(TARGET_NAME)";
				SKIP_INSTALL = YES;
			};
			name = Release;
		};
/* End XCBuildConfiguration section */

/* Begin XCConfigurationList section */
		0B2B1F191D5C5A7A00EA6F5C /* Build configuration list for PBXProject "bulb" */ = {
			isa = XCConfigurationList;
			buildConfigurations = (
				0B2B1F251D5C5A7A00EA6F5C /* Debug */,
				0B2B1F261D5C5A7A00EA6F5C /* Release */,
			);
			defaultConfigurationIsVisible = 0;
			defaultConfigurationName = Release;
		};
		0B2B1F271D5C5A7A00EA6F5C /* Build configuration list for PBXNativeTarget "bulb" */ = {
			isa = XCConfigurationList;
			buildConfigurations = (
				0B2B1F281D5C5A7A00EA6F5C /* Debug */,
				0B2B1F291D5C5A7A00EA6F5C /* Release */,
			);
			defaultConfigurationIsVisible = 0;
			defaultConfigurationName = Release;
		};
/* End XCConfigurationList section */
	};
	rootObject = 0B2B1F161D5C5A7A00EA6F5C /* Project object */;
}
