// !$*UTF8*$!
{
	archiveVersion = 1;
	classes = {
	};
	objectVersion = 46;
	objects = {

/* Begin PBXBuildFile section */
		0B1A69F51DCB80F70027A8BD /* BulbTestRegisterSignal.m in Sources */ = {isa = PBXBuildFile; fileRef = 0B1A69F41DCB80F70027A8BD /* BulbTestRegisterSignal.m */; };
		0B2B1F221D5C5A7A00EA6F5C /* Bulb.h in CopyFiles */ = {isa = PBXBuildFile; fileRef = 0B2B1F211D5C5A7A00EA6F5C /* Bulb.h */; };
		0B2B1F241D5C5A7A00EA6F5C /* Bulb.m in Sources */ = {isa = PBXBuildFile; fileRef = 0B2B1F231D5C5A7A00EA6F5C /* Bulb.m */; };
		0B2B1F2C1D5C5AFB00EA6F5C /* BulbSlot.m in Sources */ = {isa = PBXBuildFile; fileRef = 0B2B1F2B1D5C5AFB00EA6F5C /* BulbSlot.m */; };
		0B2B1F321D5C5D7200EA6F5C /* BulbConstant.m in Sources */ = {isa = PBXBuildFile; fileRef = 0B2B1F311D5C5D7200EA6F5C /* BulbConstant.m */; };
		0B50F69D1DCF14990044739C /* BulbOnceSlot.m in Sources */ = {isa = PBXBuildFile; fileRef = 0B50F69C1DCF14990044739C /* BulbOnceSlot.m */; };
		0B50F6A01DD017060044739C /* BulbRecorder.m in Sources */ = {isa = PBXBuildFile; fileRef = 0B50F69F1DD017060044739C /* BulbRecorder.m */; };
		0BA0D5731DCC237B00BC941F /* BulbTestRegisterMutiStatusSignal1.m in Sources */ = {isa = PBXBuildFile; fileRef = 0BA0D5721DCC237B00BC941F /* BulbTestRegisterMutiStatusSignal1.m */; };
		0BB5E2951DCB910400BC3903 /* BulbTestRegisterMutiStatusSignal.m in Sources */ = {isa = PBXBuildFile; fileRef = 0BB5E2941DCB910400BC3903 /* BulbTestRegisterMutiStatusSignal.m */; };
		0BB92AC51D5DA2230011D2E6 /* BulbSaveList.m in Sources */ = {isa = PBXBuildFile; fileRef = 0BB92AC41D5DA2230011D2E6 /* BulbSaveList.m */; };
		0BB92AC81D5DB8680011D2E6 /* BulbSlotFactory.m in Sources */ = {isa = PBXBuildFile; fileRef = 0BB92AC71D5DB8680011D2E6 /* BulbSlotFactory.m */; };
		0BB92AD61D5EDF9E0011D2E6 /* BulbTests.m in Sources */ = {isa = PBXBuildFile; fileRef = 0BB92AD51D5EDF9E0011D2E6 /* BulbTests.m */; };
		0BB92AD81D5EDF9E0011D2E6 /* libbulb.a in Frameworks */ = {isa = PBXBuildFile; fileRef = 0B2B1F1E1D5C5A7A00EA6F5C /* libbulb.a */; };
		0BC43A0B1DC8977C00E5EEBF /* BulbSignal.m in Sources */ = {isa = PBXBuildFile; fileRef = 0BC43A0A1DC8977C00E5EEBF /* BulbSignal.m */; };
		0BC43A0E1DC8A5AF00E5EEBF /* BulbMutiStatusSignal.m in Sources */ = {isa = PBXBuildFile; fileRef = 0BC43A0D1DC8A5AF00E5EEBF /* BulbMutiStatusSignal.m */; };
		0BC43A111DCA3F9800E5EEBF /* BulbBoolSignal.m in Sources */ = {isa = PBXBuildFile; fileRef = 0BC43A101DCA3F9800E5EEBF /* BulbBoolSignal.m */; };
		0BEE6D451DC19CB30033D006 /* BulbWeakDataWrapper.m in Sources */ = {isa = PBXBuildFile; fileRef = 0BEE6D441DC19CB30033D006 /* BulbWeakDataWrapper.m */; };
/* End PBXBuildFile section */

/* Begin PBXContainerItemProxy section */
		0BB92AD91D5EDF9E0011D2E6 /* PBXContainerItemProxy */ = {
			isa = PBXContainerItemProxy;
			containerPortal = 0B2B1F161D5C5A7A00EA6F5C /* Project object */;
			proxyType = 1;
			remoteGlobalIDString = 0B2B1F1D1D5C5A7A00EA6F5C;
			remoteInfo = bulb;
		};
/* End PBXContainerItemProxy section */

/* Begin PBXCopyFilesBuildPhase section */
		0B2B1F1C1D5C5A7A00EA6F5C /* CopyFiles */ = {
			isa = PBXCopyFilesBuildPhase;
			buildActionMask = 2147483647;
			dstPath = "include/$(PRODUCT_NAME)";
			dstSubfolderSpec = 16;
			files = (
				0B2B1F221D5C5A7A00EA6F5C /* Bulb.h in CopyFiles */,
			);
			runOnlyForDeploymentPostprocessing = 0;
		};
/* End PBXCopyFilesBuildPhase section */

/* Begin PBXFileReference section */
		0B1A69F31DCB80F70027A8BD /* BulbTestRegisterSignal.h */ = {isa = PBXFileReference; fileEncoding = 4; lastKnownFileType = sourcecode.c.h; path = BulbTestRegisterSignal.h; sourceTree = "<group>"; };
		0B1A69F41DCB80F70027A8BD /* BulbTestRegisterSignal.m */ = {isa = PBXFileReference; fileEncoding = 4; lastKnownFileType = sourcecode.c.objc; path = BulbTestRegisterSignal.m; sourceTree = "<group>"; };
		0B2B1F1E1D5C5A7A00EA6F5C /* libbulb.a */ = {isa = PBXFileReference; explicitFileType = archive.ar; includeInIndex = 0; path = libbulb.a; sourceTree = BUILT_PRODUCTS_DIR; };
		0B2B1F211D5C5A7A00EA6F5C /* Bulb.h */ = {isa = PBXFileReference; lastKnownFileType = sourcecode.c.h; path = Bulb.h; sourceTree = "<group>"; };
		0B2B1F231D5C5A7A00EA6F5C /* Bulb.m */ = {isa = PBXFileReference; lastKnownFileType = sourcecode.c.objc; path = Bulb.m; sourceTree = "<group>"; };
		0B2B1F2A1D5C5AFB00EA6F5C /* BulbSlot.h */ = {isa = PBXFileReference; fileEncoding = 4; lastKnownFileType = sourcecode.c.h; path = BulbSlot.h; sourceTree = "<group>"; };
		0B2B1F2B1D5C5AFB00EA6F5C /* BulbSlot.m */ = {isa = PBXFileReference; fileEncoding = 4; lastKnownFileType = sourcecode.c.objc; path = BulbSlot.m; sourceTree = "<group>"; };
		0B2B1F301D5C5D7200EA6F5C /* BulbConstant.h */ = {isa = PBXFileReference; fileEncoding = 4; lastKnownFileType = sourcecode.c.h; path = BulbConstant.h; sourceTree = "<group>"; };
		0B2B1F311D5C5D7200EA6F5C /* BulbConstant.m */ = {isa = PBXFileReference; fileEncoding = 4; lastKnownFileType = sourcecode.c.objc; path = BulbConstant.m; sourceTree = "<group>"; };
		0B50F69B1DCF14990044739C /* BulbOnceSlot.h */ = {isa = PBXFileReference; fileEncoding = 4; lastKnownFileType = sourcecode.c.h; path = BulbOnceSlot.h; sourceTree = "<group>"; };
		0B50F69C1DCF14990044739C /* BulbOnceSlot.m */ = {isa = PBXFileReference; fileEncoding = 4; lastKnownFileType = sourcecode.c.objc; path = BulbOnceSlot.m; sourceTree = "<group>"; };
		0B50F69E1DD017060044739C /* BulbRecorder.h */ = {isa = PBXFileReference; fileEncoding = 4; lastKnownFileType = sourcecode.c.h; path = BulbRecorder.h; sourceTree = "<group>"; };
		0B50F69F1DD017060044739C /* BulbRecorder.m */ = {isa = PBXFileReference; fileEncoding = 4; lastKnownFileType = sourcecode.c.objc; path = BulbRecorder.m; sourceTree = "<group>"; };
		0B50F6AA1DD01C960044739C /* BulbRecorder+Private.h */ = {isa = PBXFileReference; fileEncoding = 4; lastKnownFileType = sourcecode.c.h; path = "BulbRecorder+Private.h"; sourceTree = "<group>"; };
		0BA0D5711DCC237B00BC941F /* BulbTestRegisterMutiStatusSignal1.h */ = {isa = PBXFileReference; fileEncoding = 4; lastKnownFileType = sourcecode.c.h; path = BulbTestRegisterMutiStatusSignal1.h; sourceTree = "<group>"; };
		0BA0D5721DCC237B00BC941F /* BulbTestRegisterMutiStatusSignal1.m */ = {isa = PBXFileReference; fileEncoding = 4; lastKnownFileType = sourcecode.c.objc; path = BulbTestRegisterMutiStatusSignal1.m; sourceTree = "<group>"; };
		0BB5E2931DCB910400BC3903 /* BulbTestRegisterMutiStatusSignal.h */ = {isa = PBXFileReference; fileEncoding = 4; lastKnownFileType = sourcecode.c.h; path = BulbTestRegisterMutiStatusSignal.h; sourceTree = "<group>"; };
		0BB5E2941DCB910400BC3903 /* BulbTestRegisterMutiStatusSignal.m */ = {isa = PBXFileReference; fileEncoding = 4; lastKnownFileType = sourcecode.c.objc; path = BulbTestRegisterMutiStatusSignal.m; sourceTree = "<group>"; };
		0BB92AC31D5DA2230011D2E6 /* BulbSaveList.h */ = {isa = PBXFileReference; fileEncoding = 4; lastKnownFileType = sourcecode.c.h; path = BulbSaveList.h; sourceTree = "<group>"; };
		0BB92AC41D5DA2230011D2E6 /* BulbSaveList.m */ = {isa = PBXFileReference; fileEncoding = 4; lastKnownFileType = sourcecode.c.objc; path = BulbSaveList.m; sourceTree = "<group>"; };
		0BB92AC61D5DB8680011D2E6 /* BulbSlotFactory.h */ = {isa = PBXFileReference; fileEncoding = 4; lastKnownFileType = sourcecode.c.h; path = BulbSlotFactory.h; sourceTree = "<group>"; };
		0BB92AC71D5DB8680011D2E6 /* BulbSlotFactory.m */ = {isa = PBXFileReference; fileEncoding = 4; lastKnownFileType = sourcecode.c.objc; path = BulbSlotFactory.m; sourceTree = "<group>"; };
		0BB92AD31D5EDF9E0011D2E6 /* BulbTests.xctest */ = {isa = PBXFileReference; explicitFileType = wrapper.cfbundle; includeInIndex = 0; path = BulbTests.xctest; sourceTree = BUILT_PRODUCTS_DIR; };
		0BB92AD51D5EDF9E0011D2E6 /* BulbTests.m */ = {isa = PBXFileReference; lastKnownFileType = sourcecode.c.objc; path = BulbTests.m; sourceTree = "<group>"; };
		0BB92AD71D5EDF9E0011D2E6 /* Info.plist */ = {isa = PBXFileReference; lastKnownFileType = text.plist.xml; path = Info.plist; sourceTree = "<group>"; };
		0BC43A091DC8977C00E5EEBF /* BulbSignal.h */ = {isa = PBXFileReference; fileEncoding = 4; lastKnownFileType = sourcecode.c.h; path = BulbSignal.h; sourceTree = "<group>"; };
		0BC43A0A1DC8977C00E5EEBF /* BulbSignal.m */ = {isa = PBXFileReference; fileEncoding = 4; lastKnownFileType = sourcecode.c.objc; path = BulbSignal.m; sourceTree = "<group>"; };
		0BC43A0C1DC8A5AF00E5EEBF /* BulbMutiStatusSignal.h */ = {isa = PBXFileReference; fileEncoding = 4; lastKnownFileType = sourcecode.c.h; path = BulbMutiStatusSignal.h; sourceTree = "<group>"; };
		0BC43A0D1DC8A5AF00E5EEBF /* BulbMutiStatusSignal.m */ = {isa = PBXFileReference; fileEncoding = 4; lastKnownFileType = sourcecode.c.objc; path = BulbMutiStatusSignal.m; sourceTree = "<group>"; };
		0BC43A0F1DCA3F9800E5EEBF /* BulbBoolSignal.h */ = {isa = PBXFileReference; fileEncoding = 4; lastKnownFileType = sourcecode.c.h; path = BulbBoolSignal.h; sourceTree = "<group>"; };
		0BC43A101DCA3F9800E5EEBF /* BulbBoolSignal.m */ = {isa = PBXFileReference; fileEncoding = 4; lastKnownFileType = sourcecode.c.objc; path = BulbBoolSignal.m; sourceTree = "<group>"; };
		0BEE6D431DC19CB30033D006 /* BulbWeakDataWrapper.h */ = {isa = PBXFileReference; fileEncoding = 4; lastKnownFileType = sourcecode.c.h; path = BulbWeakDataWrapper.h; sourceTree = "<group>"; };
		0BEE6D441DC19CB30033D006 /* BulbWeakDataWrapper.m */ = {isa = PBXFileReference; fileEncoding = 4; lastKnownFileType = sourcecode.c.objc; path = BulbWeakDataWrapper.m; sourceTree = "<group>"; };
/* End PBXFileReference section */

/* Begin PBXFrameworksBuildPhase section */
		0B2B1F1B1D5C5A7A00EA6F5C /* Frameworks */ = {
			isa = PBXFrameworksBuildPhase;
			buildActionMask = 2147483647;
			files = (
			);
			runOnlyForDeploymentPostprocessing = 0;
		};
		0BB92AD01D5EDF9E0011D2E6 /* Frameworks */ = {
			isa = PBXFrameworksBuildPhase;
			buildActionMask = 2147483647;
			files = (
				0BB92AD81D5EDF9E0011D2E6 /* libbulb.a in Frameworks */,
			);
			runOnlyForDeploymentPostprocessing = 0;
		};
/* End PBXFrameworksBuildPhase section */

/* Begin PBXGroup section */
		0B2B1F151D5C5A7A00EA6F5C = {
			isa = PBXGroup;
			children = (
				0B2B1F201D5C5A7A00EA6F5C /* bulb */,
				0BB92AD41D5EDF9E0011D2E6 /* bulbTests */,
				0B2B1F1F1D5C5A7A00EA6F5C /* Products */,
			);
			sourceTree = "<group>";
		};
		0B2B1F1F1D5C5A7A00EA6F5C /* Products */ = {
			isa = PBXGroup;
			children = (
				0B2B1F1E1D5C5A7A00EA6F5C /* libbulb.a */,
				0BB92AD31D5EDF9E0011D2E6 /* BulbTests.xctest */,
			);
			name = Products;
			sourceTree = "<group>";
		};
		0B2B1F201D5C5A7A00EA6F5C /* bulb */ = {
			isa = PBXGroup;
			children = (
				0B2B1F211D5C5A7A00EA6F5C /* Bulb.h */,
				0B2B1F231D5C5A7A00EA6F5C /* Bulb.m */,
				0B2B1F2A1D5C5AFB00EA6F5C /* BulbSlot.h */,
				0B2B1F2B1D5C5AFB00EA6F5C /* BulbSlot.m */,
				0B50F69B1DCF14990044739C /* BulbOnceSlot.h */,
				0B50F69C1DCF14990044739C /* BulbOnceSlot.m */,
				0BB92AC61D5DB8680011D2E6 /* BulbSlotFactory.h */,
				0BB92AC71D5DB8680011D2E6 /* BulbSlotFactory.m */,
				0BC43A091DC8977C00E5EEBF /* BulbSignal.h */,
				0BC43A0A1DC8977C00E5EEBF /* BulbSignal.m */,
				0BC43A0F1DCA3F9800E5EEBF /* BulbBoolSignal.h */,
				0BC43A101DCA3F9800E5EEBF /* BulbBoolSignal.m */,
				0BC43A0C1DC8A5AF00E5EEBF /* BulbMutiStatusSignal.h */,
				0BC43A0D1DC8A5AF00E5EEBF /* BulbMutiStatusSignal.m */,
				0B2B1F301D5C5D7200EA6F5C /* BulbConstant.h */,
				0B2B1F311D5C5D7200EA6F5C /* BulbConstant.m */,
				0BB92AC31D5DA2230011D2E6 /* BulbSaveList.h */,
				0BB92AC41D5DA2230011D2E6 /* BulbSaveList.m */,
				0BEE6D431DC19CB30033D006 /* BulbWeakDataWrapper.h */,
				0BEE6D441DC19CB30033D006 /* BulbWeakDataWrapper.m */,
				0B50F69E1DD017060044739C /* BulbRecorder.h */,
				0B50F69F1DD017060044739C /* BulbRecorder.m */,
				0B50F6AA1DD01C960044739C /* BulbRecorder+Private.h */,
			);
			path = bulb;
			sourceTree = "<group>";
		};
		0BB92AD41D5EDF9E0011D2E6 /* bulbTests */ = {
			isa = PBXGroup;
			children = (
				0BB92AD51D5EDF9E0011D2E6 /* BulbTests.m */,
				0BB92AD71D5EDF9E0011D2E6 /* Info.plist */,
				0B1A69F31DCB80F70027A8BD /* BulbTestRegisterSignal.h */,
				0B1A69F41DCB80F70027A8BD /* BulbTestRegisterSignal.m */,
				0BB5E2931DCB910400BC3903 /* BulbTestRegisterMutiStatusSignal.h */,
				0BB5E2941DCB910400BC3903 /* BulbTestRegisterMutiStatusSignal.m */,
				0BA0D5711DCC237B00BC941F /* BulbTestRegisterMutiStatusSignal1.h */,
				0BA0D5721DCC237B00BC941F /* BulbTestRegisterMutiStatusSignal1.m */,
			);
			name = bulbTests;
			path = BulbTests;
			sourceTree = "<group>";
		};
/* End PBXGroup section */

/* Begin PBXNativeTarget section */
		0B2B1F1D1D5C5A7A00EA6F5C /* bulb */ = {
			isa = PBXNativeTarget;
			buildConfigurationList = 0B2B1F271D5C5A7A00EA6F5C /* Build configuration list for PBXNativeTarget "bulb" */;
			buildPhases = (
				0B2B1F1A1D5C5A7A00EA6F5C /* Sources */,
				0B2B1F1B1D5C5A7A00EA6F5C /* Frameworks */,
				0B2B1F1C1D5C5A7A00EA6F5C /* CopyFiles */,
			);
			buildRules = (
			);
			dependencies = (
			);
			name = bulb;
			productName = bulb;
			productReference = 0B2B1F1E1D5C5A7A00EA6F5C /* libbulb.a */;
			productType = "com.apple.product-type.library.static";
		};
		0BB92AD21D5EDF9E0011D2E6 /* BulbTests */ = {
			isa = PBXNativeTarget;
			buildConfigurationList = 0BB92ADB1D5EDF9E0011D2E6 /* Build configuration list for PBXNativeTarget "BulbTests" */;
			buildPhases = (
				0BB92ACF1D5EDF9E0011D2E6 /* Sources */,
				0BB92AD01D5EDF9E0011D2E6 /* Frameworks */,
				0BB92AD11D5EDF9E0011D2E6 /* Resources */,
			);
			buildRules = (
			);
			dependencies = (
				0BB92ADA1D5EDF9E0011D2E6 /* PBXTargetDependency */,
			);
			name = BulbTests;
			productName = BulbTests;
			productReference = 0BB92AD31D5EDF9E0011D2E6 /* BulbTests.xctest */;
			productType = "com.apple.product-type.bundle.unit-test";
		};
/* End PBXNativeTarget section */

/* Begin PBXProject section */
		0B2B1F161D5C5A7A00EA6F5C /* Project object */ = {
			isa = PBXProject;
			attributes = {
				LastUpgradeCheck = 0730;
				ORGANIZATIONNAME = niuniu;
				TargetAttributes = {
					0B2B1F1D1D5C5A7A00EA6F5C = {
						CreatedOnToolsVersion = 7.3.1;
					};
					0BB92AD21D5EDF9E0011D2E6 = {
						CreatedOnToolsVersion = 7.3.1;
					};
				};
			};
			buildConfigurationList = 0B2B1F191D5C5A7A00EA6F5C /* Build configuration list for PBXProject "bulb" */;
			compatibilityVersion = "Xcode 3.2";
			developmentRegion = English;
			hasScannedForEncodings = 0;
			knownRegions = (
				en,
			);
			mainGroup = 0B2B1F151D5C5A7A00EA6F5C;
			productRefGroup = 0B2B1F1F1D5C5A7A00EA6F5C /* Products */;
			projectDirPath = "";
			projectRoot = "";
			targets = (
				0B2B1F1D1D5C5A7A00EA6F5C /* bulb */,
				0BB92AD21D5EDF9E0011D2E6 /* BulbTests */,
			);
		};
/* End PBXProject section */

/* Begin PBXResourcesBuildPhase section */
		0BB92AD11D5EDF9E0011D2E6 /* Resources */ = {
			isa = PBXResourcesBuildPhase;
			buildActionMask = 2147483647;
			files = (
			);
			runOnlyForDeploymentPostprocessing = 0;
		};
/* End PBXResourcesBuildPhase section */

/* Begin PBXSourcesBuildPhase section */
		0B2B1F1A1D5C5A7A00EA6F5C /* Sources */ = {
			isa = PBXSourcesBuildPhase;
			buildActionMask = 2147483647;
			files = (
				0BEE6D451DC19CB30033D006 /* BulbWeakDataWrapper.m in Sources */,
				0BC43A111DCA3F9800E5EEBF /* BulbBoolSignal.m in Sources */,
				0B50F6A01DD017060044739C /* BulbRecorder.m in Sources */,
				0B2B1F321D5C5D7200EA6F5C /* BulbConstant.m in Sources */,
				0B1A69F51DCB80F70027A8BD /* BulbTestRegisterSignal.m in Sources */,
				0BB5E2951DCB910400BC3903 /* BulbTestRegisterMutiStatusSignal.m in Sources */,
				0BB92AC51D5DA2230011D2E6 /* BulbSaveList.m in Sources */,
				0BA0D5731DCC237B00BC941F /* BulbTestRegisterMutiStatusSignal1.m in Sources */,
				0B2B1F2C1D5C5AFB00EA6F5C /* BulbSlot.m in Sources */,
				0BC43A0B1DC8977C00E5EEBF /* BulbSignal.m in Sources */,
				0B2B1F241D5C5A7A00EA6F5C /* Bulb.m in Sources */,
				0BB92AC81D5DB8680011D2E6 /* BulbSlotFactory.m in Sources */,
				0B50F69D1DCF14990044739C /* BulbOnceSlot.m in Sources */,
				0BC43A0E1DC8A5AF00E5EEBF /* BulbMutiStatusSignal.m in Sources */,
			);
			runOnlyForDeploymentPostprocessing = 0;
		};
		0BB92ACF1D5EDF9E0011D2E6 /* Sources */ = {
			isa = PBXSourcesBuildPhase;
			buildActionMask = 2147483647;
			files = (
				0BB92AD61D5EDF9E0011D2E6 /* BulbTests.m in Sources */,
			);
			runOnlyForDeploymentPostprocessing = 0;
		};
/* End PBXSourcesBuildPhase section */

/* Begin PBXTargetDependency section */
		0BB92ADA1D5EDF9E0011D2E6 /* PBXTargetDependency */ = {
			isa = PBXTargetDependency;
			target = 0B2B1F1D1D5C5A7A00EA6F5C /* bulb */;
			targetProxy = 0BB92AD91D5EDF9E0011D2E6 /* PBXContainerItemProxy */;
		};
/* End PBXTargetDependency section */

/* Begin XCBuildConfiguration section */
		0B2B1F251D5C5A7A00EA6F5C /* Debug */ = {
			isa = XCBuildConfiguration;
			buildSettings = {
				ALWAYS_SEARCH_USER_PATHS = NO;
				CLANG_ANALYZER_NONNULL = YES;
				CLANG_CXX_LANGUAGE_STANDARD = "gnu++0x";
				CLANG_CXX_LIBRARY = "libc++";
				CLANG_ENABLE_MODULES = YES;
				CLANG_ENABLE_OBJC_ARC = YES;
				CLANG_WARN_BOOL_CONVERSION = YES;
				CLANG_WARN_CONSTANT_CONVERSION = YES;
				CLANG_WARN_DIRECT_OBJC_ISA_USAGE = YES_ERROR;
				CLANG_WARN_EMPTY_BODY = YES;
				CLANG_WARN_ENUM_CONVERSION = YES;
				CLANG_WARN_INT_CONVERSION = YES;
				CLANG_WARN_OBJC_ROOT_CLASS = YES_ERROR;
				CLANG_WARN_UNREACHABLE_CODE = YES;
				CLANG_WARN__DUPLICATE_METHOD_MATCH = YES;
				"CODE_SIGN_IDENTITY[sdk=iphoneos*]" = "iPhone Developer";
				COPY_PHASE_STRIP = NO;
				DEBUG_INFORMATION_FORMAT = dwarf;
				ENABLE_STRICT_OBJC_MSGSEND = YES;
				ENABLE_TESTABILITY = YES;
				GCC_C_LANGUAGE_STANDARD = gnu99;
				GCC_DYNAMIC_NO_PIC = NO;
				GCC_NO_COMMON_BLOCKS = YES;
				GCC_OPTIMIZATION_LEVEL = 0;
				GCC_PREPROCESSOR_DEFINITIONS = (
					"DEBUG=1",
					"$(inherited)",
				);
				GCC_WARN_64_TO_32_BIT_CONVERSION = YES;
				GCC_WARN_ABOUT_RETURN_TYPE = YES_ERROR;
				GCC_WARN_UNDECLARED_SELECTOR = YES;
				GCC_WARN_UNINITIALIZED_AUTOS = YES_AGGRESSIVE;
				GCC_WARN_UNUSED_FUNCTION = YES;
				GCC_WARN_UNUSED_VARIABLE = YES;
				IPHONEOS_DEPLOYMENT_TARGET = 8.0;
				MTL_ENABLE_DEBUG_INFO = YES;
				ONLY_ACTIVE_ARCH = YES;
				SDKROOT = iphoneos;
			};
			name = Debug;
		};
		0B2B1F261D5C5A7A00EA6F5C /* Release */ = {
			isa = XCBuildConfiguration;
			buildSettings = {
				ALWAYS_SEARCH_USER_PATHS = NO;
				CLANG_ANALYZER_NONNULL = YES;
				CLANG_CXX_LANGUAGE_STANDARD = "gnu++0x";
				CLANG_CXX_LIBRARY = "libc++";
				CLANG_ENABLE_MODULES = YES;
				CLANG_ENABLE_OBJC_ARC = YES;
				CLANG_WARN_BOOL_CONVERSION = YES;
				CLANG_WARN_CONSTANT_CONVERSION = YES;
				CLANG_WARN_DIRECT_OBJC_ISA_USAGE = YES_ERROR;
				CLANG_WARN_EMPTY_BODY = YES;
				CLANG_WARN_ENUM_CONVERSION = YES;
				CLANG_WARN_INT_CONVERSION = YES;
				CLANG_WARN_OBJC_ROOT_CLASS = YES_ERROR;
				CLANG_WARN_UNREACHABLE_CODE = YES;
				CLANG_WARN__DUPLICATE_METHOD_MATCH = YES;
				"CODE_SIGN_IDENTITY[sdk=iphoneos*]" = "iPhone Developer";
				COPY_PHASE_STRIP = NO;
				DEBUG_INFORMATION_FORMAT = "dwarf-with-dsym";
				ENABLE_NS_ASSERTIONS = NO;
				ENABLE_STRICT_OBJC_MSGSEND = YES;
				GCC_C_LANGUAGE_STANDARD = gnu99;
				GCC_NO_COMMON_BLOCKS = YES;
				GCC_WARN_64_TO_32_BIT_CONVERSION = YES;
				GCC_WARN_ABOUT_RETURN_TYPE = YES_ERROR;
				GCC_WARN_UNDECLARED_SELECTOR = YES;
				GCC_WARN_UNINITIALIZED_AUTOS = YES_AGGRESSIVE;
				GCC_WARN_UNUSED_FUNCTION = YES;
				GCC_WARN_UNUSED_VARIABLE = YES;
				IPHONEOS_DEPLOYMENT_TARGET = 8.0;
				MTL_ENABLE_DEBUG_INFO = NO;
				SDKROOT = iphoneos;
				VALIDATE_PRODUCT = YES;
			};
			name = Release;
		};
		0B2B1F281D5C5A7A00EA6F5C /* Debug */ = {
			isa = XCBuildConfiguration;
			buildSettings = {
				GCC_PREPROCESSOR_DEFINITIONS = (
					"BULB_RECORDER=1",
					"$(inherited)",
				);
				OTHER_LDFLAGS = "-ObjC";
				PRODUCT_NAME = "$(TARGET_NAME)";
				SKIP_INSTALL = YES;
			};
			name = Debug;
		};
		0B2B1F291D5C5A7A00EA6F5C /* Release */ = {
			isa = XCBuildConfiguration;
			buildSettings = {
				OTHER_LDFLAGS = "-ObjC";
				PRODUCT_NAME = "$(TARGET_NAME)";
				SKIP_INSTALL = YES;
			};
			name = Release;
		};
		0BB92ADC1D5EDF9E0011D2E6 /* Debug */ = {
			isa = XCBuildConfiguration;
			buildSettings = {
				GCC_PREPROCESSOR_DEFINITIONS = (
					"BULB_RECORDER=1",
					"$(inherited)",
				);
				INFOPLIST_FILE = BulbTests/Info.plist;
				LD_RUNPATH_SEARCH_PATHS = "$(inherited) @executable_path/Frameworks @loader_path/Frameworks";
				PRODUCT_BUNDLE_IDENTIFIER = com.niuniu.BulbTests;
				PRODUCT_NAME = "$(TARGET_NAME)";
			};
			name = Debug;
		};
		0BB92ADD1D5EDF9E0011D2E6 /* Release */ = {
			isa = XCBuildConfiguration;
			buildSettings = {
				INFOPLIST_FILE = BulbTests/Info.plist;
				LD_RUNPATH_SEARCH_PATHS = "$(inherited) @executable_path/Frameworks @loader_path/Frameworks";
				PRODUCT_BUNDLE_IDENTIFIER = com.niuniu.BulbTests;
				PRODUCT_NAME = "$(TARGET_NAME)";
			};
			name = Release;
		};
/* End XCBuildConfiguration section */

/* Begin XCConfigurationList section */
		0B2B1F191D5C5A7A00EA6F5C /* Build configuration list for PBXProject "bulb" */ = {
			isa = XCConfigurationList;
			buildConfigurations = (
				0B2B1F251D5C5A7A00EA6F5C /* Debug */,
				0B2B1F261D5C5A7A00EA6F5C /* Release */,
			);
			defaultConfigurationIsVisible = 0;
			defaultConfigurationName = Release;
		};
		0B2B1F271D5C5A7A00EA6F5C /* Build configuration list for PBXNativeTarget "bulb" */ = {
			isa = XCConfigurationList;
			buildConfigurations = (
				0B2B1F281D5C5A7A00EA6F5C /* Debug */,
				0B2B1F291D5C5A7A00EA6F5C /* Release */,
			);
			defaultConfigurationIsVisible = 0;
			defaultConfigurationName = Release;
		};
		0BB92ADB1D5EDF9E0011D2E6 /* Build configuration list for PBXNativeTarget "BulbTests" */ = {
			isa = XCConfigurationList;
			buildConfigurations = (
				0BB92ADC1D5EDF9E0011D2E6 /* Debug */,
				0BB92ADD1D5EDF9E0011D2E6 /* Release */,
			);
			defaultConfigurationIsVisible = 0;
			defaultConfigurationName = Release;
		};
/* End XCConfigurationList section */
	};
	rootObject = 0B2B1F161D5C5A7A00EA6F5C /* Project object */;
}
